
Microsoft Visual Studio Solution File, Format Version 12.00
# Visual Studio Version 17
VisualStudioVersion = 17.5.002.0
MinimumVisualStudioVersion = 10.0.40219.1
Project("{9A19103F-16F7-4668-BE54-9A1E7A4F7556}") = "3 лаборатория", "3 лаборатория.csproj", "{56776C8F-E621-4C60-B7EA-B121DE65AE95}"
EndProject
Global
	GlobalSection(SolutionConfigurationPlatforms) = preSolution
		Debug|Any CPU = Debug|Any CPU
		Release|Any CPU = Release|Any CPU
	EndGlobalSection
	GlobalSection(ProjectConfigurationPlatforms) = postSolution
		{56776C8F-E621-4C60-B7EA-B121DE65AE95}.Debug|Any CPU.ActiveCfg = Debug|Any CPU
		{56776C8F-E621-4C60-B7EA-B121DE65AE95}.Debug|Any CPU.Build.0 = Debug|Any CPU
		{56776C8F-E621-4C60-B7EA-B121DE65AE95}.Release|Any CPU.ActiveCfg = Release|Any CPU
		{56776C8F-E621-4C60-B7EA-B121DE65AE95}.Release|Any CPU.Build.0 = Release|Any CPU
	EndGlobalSection
	GlobalSection(SolutionProperties) = preSolution
		HideSolutionNode = FALSE
	EndGlobalSection
	GlobalSection(ExtensibilityGlobals) = postSolution
		SolutionGuid = {FD95CE61-F3B8-4F81-8F0B-8B31D76942F1}
	EndGlobalSection
EndGlobal
